
Microsoft Visual Studio Solution File, Format Version 12.00
# Visual Studio 2012
Project("{FAE04EC0-301F-11D3-BF4B-00C04F79EFBC}") = "保卫萝卜.CSharp", "保卫萝卜.CSharp.csproj", "{FFDEEA6B-5BC7-3D44-FEF1-F2765A496F4E}"
EndProject
Global
	GlobalSection(SolutionConfigurationPlatforms) = preSolution
		Debug|Any CPU = Debug|Any CPU
		Release|Any CPU = Release|Any CPU
	EndGlobalSection
	GlobalSection(ProjectConfigurationPlatforms) = postSolution
		{FFDEEA6B-5BC7-3D44-FEF1-F2765A496F4E}.Debug|Any CPU.ActiveCfg = Debug|Any CPU
		{FFDEEA6B-5BC7-3D44-FEF1-F2765A496F4E}.Debug|Any CPU.Build.0 = Debug|Any CPU
		{FFDEEA6B-5BC7-3D44-FEF1-F2765A496F4E}.Release|Any CPU.ActiveCfg = Release|Any CPU
		{FFDEEA6B-5BC7-3D44-FEF1-F2765A496F4E}.Release|Any CPU.Build.0 = Release|Any CPU
	EndGlobalSection
EndGlobal
